
Microsoft Visual Studio Solution File, Format Version 12.00
Project("{FAE04EC0-301F-11D3-BF4B-00C04F79EFBC}") = "IccConversionTestDataGenerator", "IccConversionTestDataGenerator.csproj", "{0A940B81-65AB-4162-BA9D-2BEBAC706123}"
EndProject
Global
	GlobalSection(SolutionConfigurationPlatforms) = preSolution
		Debug|Any CPU = Debug|Any CPU
		Release|Any CPU = Release|Any CPU
	EndGlobalSection
	GlobalSection(ProjectConfigurationPlatforms) = postSolution
		{0A940B81-65AB-4162-BA9D-2BEBAC706123}.Debug|Any CPU.ActiveCfg = Debug|Any CPU
		{0A940B81-65AB-4162-BA9D-2BEBAC706123}.Debug|Any CPU.Build.0 = Debug|Any CPU
		{0A940B81-65AB-4162-BA9D-2BEBAC706123}.Release|Any CPU.ActiveCfg = Release|Any CPU
		{0A940B81-65AB-4162-BA9D-2BEBAC706123}.Release|Any CPU.Build.0 = Release|Any CPU
	EndGlobalSection
EndGlobal
